
Microsoft Visual Studio Solution File, Format Version 12.00
# Visual Studio Version 16
VisualStudioVersion = 16.0.31025.194
MinimumVisualStudioVersion = 10.0.40219.1
Project("{FAE04EC0-301F-11D3-BF4B-00C04F79EFBC}") = "ThesaurusDictionary", "ThesaurusDictionary\ThesaurusDictionary.csproj", "{9B676F4C-BEE2-4E71-A8D2-79C9D8EB4475}"
EndProject
Global
	GlobalSection(SolutionConfigurationPlatforms) = preSolution
		Debug|Any CPU = Debug|Any CPU
		Release|Any CPU = Release|Any CPU
	EndGlobalSection
	GlobalSection(ProjectConfigurationPlatforms) = postSolution
		{9B676F4C-BEE2-4E71-A8D2-79C9D8EB4475}.Debug|Any CPU.ActiveCfg = Debug|Any CPU
		{9B676F4C-BEE2-4E71-A8D2-79C9D8EB4475}.Debug|Any CPU.Build.0 = Debug|Any CPU
		{9B676F4C-BEE2-4E71-A8D2-79C9D8EB4475}.Release|Any CPU.ActiveCfg = Release|Any CPU
		{9B676F4C-BEE2-4E71-A8D2-79C9D8EB4475}.Release|Any CPU.Build.0 = Release|Any CPU
	EndGlobalSection
	GlobalSection(SolutionProperties) = preSolution
		HideSolutionNode = FALSE
	EndGlobalSection
	GlobalSection(ExtensibilityGlobals) = postSolution
		SolutionGuid = {FB6E8CB2-80FD-4DC0-B4A9-7252221102A7}
	EndGlobalSection
EndGlobal
